// !$*UTF8*$!
{
	archiveVersion = 1;
	classes = {
	};
	objectVersion = 46;
	objects = {

/* Begin PBXBuildFile section */
		B27CC8E81F8C2229009B7274 /* Cochin.ttc in Resources */ = {isa = PBXBuildFile; fileRef = B27CC8E71F8C2228009B7274 /* Cochin.ttc */; };
		B2843AC31F0AE5D20013C09E /* LogEntryInfoDataSource.swift in Sources */ = {isa = PBXBuildFile; fileRef = B2843AC21F0AE5D20013C09E /* LogEntryInfoDataSource.swift */; };
		B2843AC71F0AEAA30013C09E /* SetTableViewCell.swift in Sources */ = {isa = PBXBuildFile; fileRef = B2843AC61F0AEAA30013C09E /* SetTableViewCell.swift */; };
		B2843ACE1F0EA5B20013C09E /* Main.storyboard in Resources */ = {isa = PBXBuildFile; fileRef = B2843ACD1F0EA5B20013C09E /* Main.storyboard */; };
		B2AAB2471F06F907008D061B /* AppDelegate.swift in Sources */ = {isa = PBXBuildFile; fileRef = B2AAB2461F06F907008D061B /* AppDelegate.swift */; };
		B2AAB24E1F06F907008D061B /* Assets.xcassets in Resources */ = {isa = PBXBuildFile; fileRef = B2AAB24D1F06F907008D061B /* Assets.xcassets */; };
		B2AAB2511F06F907008D061B /* LaunchScreen.storyboard in Resources */ = {isa = PBXBuildFile; fileRef = B2AAB24F1F06F907008D061B /* LaunchScreen.storyboard */; };
		B2AAB25C1F06F908008D061B /* GainBoyTests.swift in Sources */ = {isa = PBXBuildFile; fileRef = B2AAB25B1F06F908008D061B /* GainBoyTests.swift */; };
		B2AAB2671F06F908008D061B /* GainBoyUITests.swift in Sources */ = {isa = PBXBuildFile; fileRef = B2AAB2661F06F908008D061B /* GainBoyUITests.swift */; };
		B2AAB2751F06FA22008D061B /* MainMenuViewController.swift in Sources */ = {isa = PBXBuildFile; fileRef = B2AAB2741F06FA22008D061B /* MainMenuViewController.swift */; };
		B2AAB2771F070EEE008D061B /* QuestLogViewController.swift in Sources */ = {isa = PBXBuildFile; fileRef = B2AAB2761F070EEE008D061B /* QuestLogViewController.swift */; };
		B2AAB2791F0717ED008D061B /* LogEntryInfoViewController.swift in Sources */ = {isa = PBXBuildFile; fileRef = B2AAB2781F0717ED008D061B /* LogEntryInfoViewController.swift */; };
		B2AAB27D1F071A6C008D061B /* Quest.swift in Sources */ = {isa = PBXBuildFile; fileRef = B2AAB27C1F071A6C008D061B /* Quest.swift */; };
		B2AAB27F1F071C2F008D061B /* Exercise.swift in Sources */ = {isa = PBXBuildFile; fileRef = B2AAB27E1F071C2F008D061B /* Exercise.swift */; };
		B2AAB2811F072138008D061B /* QuestLogDataSource.swift in Sources */ = {isa = PBXBuildFile; fileRef = B2AAB2801F072138008D061B /* QuestLogDataSource.swift */; };
		B2B4B15E1F86F0A100A518FF /* EntryDetailsViewController.swift in Sources */ = {isa = PBXBuildFile; fileRef = B2B4B15D1F86F0A100A518FF /* EntryDetailsViewController.swift */; };
		B2B4B1611F87337600A518FF /* Media.xcassets in Resources */ = {isa = PBXBuildFile; fileRef = B2B4B1601F87337600A518FF /* Media.xcassets */; };
		B2B90B731F074DA300213DBB /* LogEntryInfoViewControllerDelegate.swift in Sources */ = {isa = PBXBuildFile; fileRef = B2B90B721F074DA300213DBB /* LogEntryInfoViewControllerDelegate.swift */; };
		B2D9DFA91F0EBCB10055DCA7 /* FontExtensions.swift in Sources */ = {isa = PBXBuildFile; fileRef = B2D9DFA81F0EBCB10055DCA7 /* FontExtensions.swift */; };
		B2D9DFAB1F0EE4650055DCA7 /* AddSetButton.swift in Sources */ = {isa = PBXBuildFile; fileRef = B2D9DFAA1F0EE4650055DCA7 /* AddSetButton.swift */; };
/* End PBXBuildFile section */

/* Begin PBXContainerItemProxy section */
		B2AAB2581F06F908008D061B /* PBXContainerItemProxy */ = {
			isa = PBXContainerItemProxy;
			containerPortal = B2AAB23B1F06F907008D061B /* Project object */;
			proxyType = 1;
			remoteGlobalIDString = B2AAB2421F06F907008D061B;
			remoteInfo = GainBoy;
		};
		B2AAB2631F06F908008D061B /* PBXContainerItemProxy */ = {
			isa = PBXContainerItemProxy;
			containerPortal = B2AAB23B1F06F907008D061B /* Project object */;
			proxyType = 1;
			remoteGlobalIDString = B2AAB2421F06F907008D061B;
			remoteInfo = GainBoy;
		};
/* End PBXContainerItemProxy section */

/* Begin PBXFileReference section */
		B27CC8E71F8C2228009B7274 /* Cochin.ttc */ = {isa = PBXFileReference; lastKnownFileType = file; path = Cochin.ttc; sourceTree = "<group>"; };
		B2843AC21F0AE5D20013C09E /* LogEntryInfoDataSource.swift */ = {isa = PBXFileReference; fileEncoding = 4; lastKnownFileType = sourcecode.swift; path = LogEntryInfoDataSource.swift; sourceTree = "<group>"; };
		B2843AC61F0AEAA30013C09E /* SetTableViewCell.swift */ = {isa = PBXFileReference; fileEncoding = 4; lastKnownFileType = sourcecode.swift; path = SetTableViewCell.swift; sourceTree = "<group>"; };
		B2843ACD1F0EA5B20013C09E /* Main.storyboard */ = {isa = PBXFileReference; fileEncoding = 4; lastKnownFileType = file.storyboard; path = Main.storyboard; sourceTree = "<group>"; };
		B2AAB2431F06F907008D061B /* GainBoy.app */ = {isa = PBXFileReference; explicitFileType = wrapper.application; includeInIndex = 0; path = GainBoy.app; sourceTree = BUILT_PRODUCTS_DIR; };
		B2AAB2461F06F907008D061B /* AppDelegate.swift */ = {isa = PBXFileReference; lastKnownFileType = sourcecode.swift; path = AppDelegate.swift; sourceTree = "<group>"; };
		B2AAB24D1F06F907008D061B /* Assets.xcassets */ = {isa = PBXFileReference; lastKnownFileType = folder.assetcatalog; path = Assets.xcassets; sourceTree = "<group>"; };
		B2AAB2501F06F907008D061B /* Base */ = {isa = PBXFileReference; lastKnownFileType = file.storyboard; name = Base; path = Base.lproj/LaunchScreen.storyboard; sourceTree = "<group>"; };
		B2AAB2521F06F907008D061B /* Info.plist */ = {isa = PBXFileReference; lastKnownFileType = text.plist.xml; path = Info.plist; sourceTree = "<group>"; };
		B2AAB2571F06F908008D061B /* GainBoyTests.xctest */ = {isa = PBXFileReference; explicitFileType = wrapper.cfbundle; includeInIndex = 0; path = GainBoyTests.xctest; sourceTree = BUILT_PRODUCTS_DIR; };
		B2AAB25B1F06F908008D061B /* GainBoyTests.swift */ = {isa = PBXFileReference; lastKnownFileType = sourcecode.swift; path = GainBoyTests.swift; sourceTree = "<group>"; };
		B2AAB25D1F06F908008D061B /* Info.plist */ = {isa = PBXFileReference; lastKnownFileType = text.plist.xml; path = Info.plist; sourceTree = "<group>"; };
		B2AAB2621F06F908008D061B /* GainBoyUITests.xctest */ = {isa = PBXFileReference; explicitFileType = wrapper.cfbundle; includeInIndex = 0; path = GainBoyUITests.xctest; sourceTree = BUILT_PRODUCTS_DIR; };
		B2AAB2661F06F908008D061B /* GainBoyUITests.swift */ = {isa = PBXFileReference; lastKnownFileType = sourcecode.swift; path = GainBoyUITests.swift; sourceTree = "<group>"; };
		B2AAB2681F06F908008D061B /* Info.plist */ = {isa = PBXFileReference; lastKnownFileType = text.plist.xml; path = Info.plist; sourceTree = "<group>"; };
		B2AAB2741F06FA22008D061B /* MainMenuViewController.swift */ = {isa = PBXFileReference; fileEncoding = 4; lastKnownFileType = sourcecode.swift; path = MainMenuViewController.swift; sourceTree = "<group>"; };
		B2AAB2761F070EEE008D061B /* QuestLogViewController.swift */ = {isa = PBXFileReference; fileEncoding = 4; lastKnownFileType = sourcecode.swift; path = QuestLogViewController.swift; sourceTree = "<group>"; };
		B2AAB2781F0717ED008D061B /* LogEntryInfoViewController.swift */ = {isa = PBXFileReference; fileEncoding = 4; lastKnownFileType = sourcecode.swift; path = LogEntryInfoViewController.swift; sourceTree = "<group>"; };
		B2AAB27C1F071A6C008D061B /* Quest.swift */ = {isa = PBXFileReference; fileEncoding = 4; lastKnownFileType = sourcecode.swift; path = Quest.swift; sourceTree = "<group>"; };
		B2AAB27E1F071C2F008D061B /* Exercise.swift */ = {isa = PBXFileReference; fileEncoding = 4; lastKnownFileType = sourcecode.swift; path = Exercise.swift; sourceTree = "<group>"; };
		B2AAB2801F072138008D061B /* QuestLogDataSource.swift */ = {isa = PBXFileReference; fileEncoding = 4; lastKnownFileType = sourcecode.swift; path = QuestLogDataSource.swift; sourceTree = "<group>"; };
		B2B4B15D1F86F0A100A518FF /* EntryDetailsViewController.swift */ = {isa = PBXFileReference; lastKnownFileType = sourcecode.swift; path = EntryDetailsViewController.swift; sourceTree = "<group>"; };
		B2B4B1601F87337600A518FF /* Media.xcassets */ = {isa = PBXFileReference; lastKnownFileType = folder.assetcatalog; path = Media.xcassets; sourceTree = "<group>"; };
		B2B90B721F074DA300213DBB /* LogEntryInfoViewControllerDelegate.swift */ = {isa = PBXFileReference; fileEncoding = 4; lastKnownFileType = sourcecode.swift; path = LogEntryInfoViewControllerDelegate.swift; sourceTree = "<group>"; };
		B2D9DFA81F0EBCB10055DCA7 /* FontExtensions.swift */ = {isa = PBXFileReference; fileEncoding = 4; lastKnownFileType = sourcecode.swift; path = FontExtensions.swift; sourceTree = "<group>"; };
		B2D9DFAA1F0EE4650055DCA7 /* AddSetButton.swift */ = {isa = PBXFileReference; fileEncoding = 4; lastKnownFileType = sourcecode.swift; path = AddSetButton.swift; sourceTree = "<group>"; };
/* End PBXFileReference section */

/* Begin PBXFrameworksBuildPhase section */
		B2AAB2401F06F907008D061B /* Frameworks */ = {
			isa = PBXFrameworksBuildPhase;
			buildActionMask = 2147483647;
			files = (
			);
			runOnlyForDeploymentPostprocessing = 0;
		};
		B2AAB2541F06F908008D061B /* Frameworks */ = {
			isa = PBXFrameworksBuildPhase;
			buildActionMask = 2147483647;
			files = (
			);
			runOnlyForDeploymentPostprocessing = 0;
		};
		B2AAB25F1F06F908008D061B /* Frameworks */ = {
			isa = PBXFrameworksBuildPhase;
			buildActionMask = 2147483647;
			files = (
			);
			runOnlyForDeploymentPostprocessing = 0;
		};
/* End PBXFrameworksBuildPhase section */

/* Begin PBXGroup section */
		B212BA121F90404600108BEF /* Quests */ = {
			isa = PBXGroup;
			children = (
				B2AAB27E1F071C2F008D061B /* Exercise.swift */,
				B2AAB27C1F071A6C008D061B /* Quest.swift */,
				B2AAB2801F072138008D061B /* QuestLogDataSource.swift */,
				B2AAB2761F070EEE008D061B /* QuestLogViewController.swift */,
			);
			name = Quests;
			sourceTree = "<group>";
		};
		B212BA131F90408800108BEF /* LogEntries */ = {
			isa = PBXGroup;
			children = (
				B2D9DFAA1F0EE4650055DCA7 /* AddSetButton.swift */,
				B2B4B15D1F86F0A100A518FF /* EntryDetailsViewController.swift */,
				B2843AC21F0AE5D20013C09E /* LogEntryInfoDataSource.swift */,
				B2AAB2781F0717ED008D061B /* LogEntryInfoViewController.swift */,
				B2B90B721F074DA300213DBB /* LogEntryInfoViewControllerDelegate.swift */,
				B2843AC61F0AEAA30013C09E /* SetTableViewCell.swift */,
			);
			name = LogEntries;
			sourceTree = "<group>";
		};
		B2843ACA1F0EA3610013C09E /* Resources */ = {
			isa = PBXGroup;
			children = (
				B27CC8E71F8C2228009B7274 /* Cochin.ttc */,
			);
			name = Resources;
			sourceTree = "<group>";
		};
		B2AAB23A1F06F907008D061B = {
			isa = PBXGroup;
			children = (
				B2B4B1601F87337600A518FF /* Media.xcassets */,
				B2AAB2451F06F907008D061B /* GainBoy */,
				B2AAB25A1F06F908008D061B /* GainBoyTests */,
				B2AAB2651F06F908008D061B /* GainBoyUITests */,
				B2AAB2441F06F907008D061B /* Products */,
				B2843ACA1F0EA3610013C09E /* Resources */,
			);
			sourceTree = "<group>";
		};
		B2AAB2441F06F907008D061B /* Products */ = {
			isa = PBXGroup;
			children = (
				B2AAB2431F06F907008D061B /* GainBoy.app */,
				B2AAB2571F06F908008D061B /* GainBoyTests.xctest */,
				B2AAB2621F06F908008D061B /* GainBoyUITests.xctest */,
			);
			name = Products;
			sourceTree = "<group>";
		};
		B2AAB2451F06F907008D061B /* GainBoy */ = {
			isa = PBXGroup;
			children = (
				B2AAB2521F06F907008D061B /* Info.plist */,
				B2AAB2461F06F907008D061B /* AppDelegate.swift */,
				B2C639531F5743150088FC35 /* QuestLog */,
				B2D9DFA81F0EBCB10055DCA7 /* FontExtensions.swift */,
				B2AAB2741F06FA22008D061B /* MainMenuViewController.swift */,
				B2AAB24D1F06F907008D061B /* Assets.xcassets */,
				B2AAB24F1F06F907008D061B /* LaunchScreen.storyboard */,
				B2843ACD1F0EA5B20013C09E /* Main.storyboard */,
			);
			path = GainBoy;
			sourceTree = "<group>";
		};
		B2AAB25A1F06F908008D061B /* GainBoyTests */ = {
			isa = PBXGroup;
			children = (
				B2AAB25B1F06F908008D061B /* GainBoyTests.swift */,
				B2AAB25D1F06F908008D061B /* Info.plist */,
			);
			path = GainBoyTests;
			sourceTree = "<group>";
		};
		B2AAB2651F06F908008D061B /* GainBoyUITests */ = {
			isa = PBXGroup;
			children = (
				B2AAB2661F06F908008D061B /* GainBoyUITests.swift */,
				B2AAB2681F06F908008D061B /* Info.plist */,
			);
			path = GainBoyUITests;
			sourceTree = "<group>";
		};
		B2C639531F5743150088FC35 /* QuestLog */ = {
			isa = PBXGroup;
			children = (
				B212BA131F90408800108BEF /* LogEntries */,
				B212BA121F90404600108BEF /* Quests */,
			);
			name = QuestLog;
			sourceTree = "<group>";
		};
/* End PBXGroup section */

/* Begin PBXNativeTarget section */
		B2AAB2421F06F907008D061B /* GainBoy */ = {
			isa = PBXNativeTarget;
			buildConfigurationList = B2AAB26B1F06F908008D061B /* Build configuration list for PBXNativeTarget "GainBoy" */;
			buildPhases = (
				B2AAB23F1F06F907008D061B /* Sources */,
				B2AAB2401F06F907008D061B /* Frameworks */,
				B2AAB2411F06F907008D061B /* Resources */,
			);
			buildRules = (
			);
			dependencies = (
			);
			name = GainBoy;
			productName = GainBoy;
			productReference = B2AAB2431F06F907008D061B /* GainBoy.app */;
			productType = "com.apple.product-type.application";
		};
		B2AAB2561F06F908008D061B /* GainBoyTests */ = {
			isa = PBXNativeTarget;
			buildConfigurationList = B2AAB26E1F06F908008D061B /* Build configuration list for PBXNativeTarget "GainBoyTests" */;
			buildPhases = (
				B2AAB2531F06F908008D061B /* Sources */,
				B2AAB2541F06F908008D061B /* Frameworks */,
				B2AAB2551F06F908008D061B /* Resources */,
			);
			buildRules = (
			);
			dependencies = (
				B2AAB2591F06F908008D061B /* PBXTargetDependency */,
			);
			name = GainBoyTests;
			productName = GainBoyTests;
			productReference = B2AAB2571F06F908008D061B /* GainBoyTests.xctest */;
			productType = "com.apple.product-type.bundle.unit-test";
		};
		B2AAB2611F06F908008D061B /* GainBoyUITests */ = {
			isa = PBXNativeTarget;
			buildConfigurationList = B2AAB2711F06F908008D061B /* Build configuration list for PBXNativeTarget "GainBoyUITests" */;
			buildPhases = (
				B2AAB25E1F06F908008D061B /* Sources */,
				B2AAB25F1F06F908008D061B /* Frameworks */,
				B2AAB2601F06F908008D061B /* Resources */,
			);
			buildRules = (
			);
			dependencies = (
				B2AAB2641F06F908008D061B /* PBXTargetDependency */,
			);
			name = GainBoyUITests;
			productName = GainBoyUITests;
			productReference = B2AAB2621F06F908008D061B /* GainBoyUITests.xctest */;
			productType = "com.apple.product-type.bundle.ui-testing";
		};
/* End PBXNativeTarget section */

/* Begin PBXProject section */
		B2AAB23B1F06F907008D061B /* Project object */ = {
			isa = PBXProject;
			attributes = {
				LastSwiftUpdateCheck = 0830;
				LastUpgradeCheck = 0900;
				ORGANIZATIONNAME = "Salin Studios";
				TargetAttributes = {
					B2AAB2421F06F907008D061B = {
						CreatedOnToolsVersion = 8.3.3;
						DevelopmentTeam = E97A27U9FU;
						LastSwiftMigration = 0900;
						ProvisioningStyle = Automatic;
					};
					B2AAB2561F06F908008D061B = {
						CreatedOnToolsVersion = 8.3.3;
						DevelopmentTeam = E97A27U9FU;
						LastSwiftMigration = 0900;
						ProvisioningStyle = Automatic;
						TestTargetID = B2AAB2421F06F907008D061B;
					};
					B2AAB2611F06F908008D061B = {
						CreatedOnToolsVersion = 8.3.3;
						DevelopmentTeam = E97A27U9FU;
						LastSwiftMigration = 0900;
						ProvisioningStyle = Automatic;
						TestTargetID = B2AAB2421F06F907008D061B;
					};
				};
			};
			buildConfigurationList = B2AAB23E1F06F907008D061B /* Build configuration list for PBXProject "GainBoy" */;
			compatibilityVersion = "Xcode 3.2";
			developmentRegion = English;
			hasScannedForEncodings = 0;
			knownRegions = (
				en,
				Base,
			);
			mainGroup = B2AAB23A1F06F907008D061B;
			productRefGroup = B2AAB2441F06F907008D061B /* Products */;
			projectDirPath = "";
			projectRoot = "";
			targets = (
				B2AAB2421F06F907008D061B /* GainBoy */,
				B2AAB2561F06F908008D061B /* GainBoyTests */,
				B2AAB2611F06F908008D061B /* GainBoyUITests */,
			);
		};
/* End PBXProject section */

/* Begin PBXResourcesBuildPhase section */
		B2AAB2411F06F907008D061B /* Resources */ = {
			isa = PBXResourcesBuildPhase;
			buildActionMask = 2147483647;
			files = (
				B2843ACE1F0EA5B20013C09E /* Main.storyboard in Resources */,
				B2AAB2511F06F907008D061B /* LaunchScreen.storyboard in Resources */,
				B27CC8E81F8C2229009B7274 /* Cochin.ttc in Resources */,
				B2B4B1611F87337600A518FF /* Media.xcassets in Resources */,
				B2AAB24E1F06F907008D061B /* Assets.xcassets in Resources */,
			);
			runOnlyForDeploymentPostprocessing = 0;
		};
		B2AAB2551F06F908008D061B /* Resources */ = {
			isa = PBXResourcesBuildPhase;
			buildActionMask = 2147483647;
			files = (
			);
			runOnlyForDeploymentPostprocessing = 0;
		};
		B2AAB2601F06F908008D061B /* Resources */ = {
			isa = PBXResourcesBuildPhase;
			buildActionMask = 2147483647;
			files = (
			);
			runOnlyForDeploymentPostprocessing = 0;
		};
/* End PBXResourcesBuildPhase section */

/* Begin PBXSourcesBuildPhase section */
		B2AAB23F1F06F907008D061B /* Sources */ = {
			isa = PBXSourcesBuildPhase;
			buildActionMask = 2147483647;
			files = (
				B2AAB2791F0717ED008D061B /* LogEntryInfoViewController.swift in Sources */,
				B2AAB2751F06FA22008D061B /* MainMenuViewController.swift in Sources */,
				B2843AC71F0AEAA30013C09E /* SetTableViewCell.swift in Sources */,
				B2AAB2811F072138008D061B /* QuestLogDataSource.swift in Sources */,
				B2AAB2471F06F907008D061B /* AppDelegate.swift in Sources */,
				B2D9DFAB1F0EE4650055DCA7 /* AddSetButton.swift in Sources */,
				B2AAB27D1F071A6C008D061B /* Quest.swift in Sources */,
				B2B4B15E1F86F0A100A518FF /* EntryDetailsViewController.swift in Sources */,
				B2D9DFA91F0EBCB10055DCA7 /* FontExtensions.swift in Sources */,
				B2B90B731F074DA300213DBB /* LogEntryInfoViewControllerDelegate.swift in Sources */,
				B2AAB27F1F071C2F008D061B /* Exercise.swift in Sources */,
				B2843AC31F0AE5D20013C09E /* LogEntryInfoDataSource.swift in Sources */,
				B2AAB2771F070EEE008D061B /* QuestLogViewController.swift in Sources */,
			);
			runOnlyForDeploymentPostprocessing = 0;
		};
		B2AAB2531F06F908008D061B /* Sources */ = {
			isa = PBXSourcesBuildPhase;
			buildActionMask = 2147483647;
			files = (
				B2AAB25C1F06F908008D061B /* GainBoyTests.swift in Sources */,
			);
			runOnlyForDeploymentPostprocessing = 0;
		};
		B2AAB25E1F06F908008D061B /* Sources */ = {
			isa = PBXSourcesBuildPhase;
			buildActionMask = 2147483647;
			files = (
				B2AAB2671F06F908008D061B /* GainBoyUITests.swift in Sources */,
			);
			runOnlyForDeploymentPostprocessing = 0;
		};
/* End PBXSourcesBuildPhase section */

/* Begin PBXTargetDependency section */
		B2AAB2591F06F908008D061B /* PBXTargetDependency */ = {
			isa = PBXTargetDependency;
			target = B2AAB2421F06F907008D061B /* GainBoy */;
			targetProxy = B2AAB2581F06F908008D061B /* PBXContainerItemProxy */;
		};
		B2AAB2641F06F908008D061B /* PBXTargetDependency */ = {
			isa = PBXTargetDependency;
			target = B2AAB2421F06F907008D061B /* GainBoy */;
			targetProxy = B2AAB2631F06F908008D061B /* PBXContainerItemProxy */;
		};
/* End PBXTargetDependency section */

/* Begin PBXVariantGroup section */
		B2AAB24F1F06F907008D061B /* LaunchScreen.storyboard */ = {
			isa = PBXVariantGroup;
			children = (
				B2AAB2501F06F907008D061B /* Base */,
			);
			name = LaunchScreen.storyboard;
			sourceTree = "<group>";
		};
/* End PBXVariantGroup section */

/* Begin XCBuildConfiguration section */
		B2AAB2691F06F908008D061B /* Debug */ = {
			isa = XCBuildConfiguration;
			buildSettings = {
				ALWAYS_SEARCH_USER_PATHS = NO;
				CLANG_ANALYZER_NONNULL = YES;
				CLANG_ANALYZER_NUMBER_OBJECT_CONVERSION = YES_AGGRESSIVE;
				CLANG_CXX_LANGUAGE_STANDARD = "gnu++0x";
				CLANG_CXX_LIBRARY = "libc++";
				CLANG_ENABLE_MODULES = YES;
				CLANG_ENABLE_OBJC_ARC = YES;
				CLANG_WARN_BLOCK_CAPTURE_AUTORELEASING = YES;
				CLANG_WARN_BOOL_CONVERSION = YES;
				CLANG_WARN_COMMA = YES;
				CLANG_WARN_CONSTANT_CONVERSION = YES;
				CLANG_WARN_DIRECT_OBJC_ISA_USAGE = YES_ERROR;
				CLANG_WARN_DOCUMENTATION_COMMENTS = YES;
				CLANG_WARN_EMPTY_BODY = YES;
				CLANG_WARN_ENUM_CONVERSION = YES;
				CLANG_WARN_INFINITE_RECURSION = YES;
				CLANG_WARN_INT_CONVERSION = YES;
				CLANG_WARN_NON_LITERAL_NULL_CONVERSION = YES;
				CLANG_WARN_OBJC_LITERAL_CONVERSION = YES;
				CLANG_WARN_OBJC_ROOT_CLASS = YES_ERROR;
				CLANG_WARN_RANGE_LOOP_ANALYSIS = YES;
				CLANG_WARN_STRICT_PROTOTYPES = YES;
				CLANG_WARN_SUSPICIOUS_MOVE = YES;
				CLANG_WARN_UNREACHABLE_CODE = YES;
				CLANG_WARN__DUPLICATE_METHOD_MATCH = YES;
				"CODE_SIGN_IDENTITY[sdk=iphoneos*]" = "iPhone Developer";
				COPY_PHASE_STRIP = NO;
				DEBUG_INFORMATION_FORMAT = dwarf;
				ENABLE_STRICT_OBJC_MSGSEND = YES;
				ENABLE_TESTABILITY = YES;
				GCC_C_LANGUAGE_STANDARD = gnu99;
				GCC_DYNAMIC_NO_PIC = NO;
				GCC_NO_COMMON_BLOCKS = YES;
				GCC_OPTIMIZATION_LEVEL = 0;
				GCC_PREPROCESSOR_DEFINITIONS = (
					"DEBUG=1",
					"$(inherited)",
				);
				GCC_WARN_64_TO_32_BIT_CONVERSION = YES;
				GCC_WARN_ABOUT_RETURN_TYPE = YES_ERROR;
				GCC_WARN_UNDECLARED_SELECTOR = YES;
				GCC_WARN_UNINITIALIZED_AUTOS = YES_AGGRESSIVE;
				GCC_WARN_UNUSED_FUNCTION = YES;
				GCC_WARN_UNUSED_VARIABLE = YES;
				IPHONEOS_DEPLOYMENT_TARGET = 10.3;
				MTL_ENABLE_DEBUG_INFO = YES;
				ONLY_ACTIVE_ARCH = YES;
				SDKROOT = iphoneos;
				SWIFT_ACTIVE_COMPILATION_CONDITIONS = DEBUG;
				SWIFT_OPTIMIZATION_LEVEL = "-Onone";
				TARGETED_DEVICE_FAMILY = "1,2";
			};
			name = Debug;
		};
		B2AAB26A1F06F908008D061B /* Release */ = {
			isa = XCBuildConfiguration;
			buildSettings = {
				ALWAYS_SEARCH_USER_PATHS = NO;
				CLANG_ANALYZER_NONNULL = YES;
				CLANG_ANALYZER_NUMBER_OBJECT_CONVERSION = YES_AGGRESSIVE;
				CLANG_CXX_LANGUAGE_STANDARD = "gnu++0x";
				CLANG_CXX_LIBRARY = "libc++";
				CLANG_ENABLE_MODULES = YES;
				CLANG_ENABLE_OBJC_ARC = YES;
				CLANG_WARN_BLOCK_CAPTURE_AUTORELEASING = YES;
				CLANG_WARN_BOOL_CONVERSION = YES;
				CLANG_WARN_COMMA = YES;
				CLANG_WARN_CONSTANT_CONVERSION = YES;
				CLANG_WARN_DIRECT_OBJC_ISA_USAGE = YES_ERROR;
				CLANG_WARN_DOCUMENTATION_COMMENTS = YES;
				CLANG_WARN_EMPTY_BODY = YES;
				CLANG_WARN_ENUM_CONVERSION = YES;
				CLANG_WARN_INFINITE_RECURSION = YES;
				CLANG_WARN_INT_CONVERSION = YES;
				CLANG_WARN_NON_LITERAL_NULL_CONVERSION = YES;
				CLANG_WARN_OBJC_LITERAL_CONVERSION = YES;
				CLANG_WARN_OBJC_ROOT_CLASS = YES_ERROR;
				CLANG_WARN_RANGE_LOOP_ANALYSIS = YES;
				CLANG_WARN_STRICT_PROTOTYPES = YES;
				CLANG_WARN_SUSPICIOUS_MOVE = YES;
				CLANG_WARN_UNREACHABLE_CODE = YES;
				CLANG_WARN__DUPLICATE_METHOD_MATCH = YES;
				"CODE_SIGN_IDENTITY[sdk=iphoneos*]" = "iPhone Developer";
				COPY_PHASE_STRIP = NO;
				DEBUG_INFORMATION_FORMAT = "dwarf-with-dsym";
				ENABLE_NS_ASSERTIONS = NO;
				ENABLE_STRICT_OBJC_MSGSEND = YES;
				GCC_C_LANGUAGE_STANDARD = gnu99;
				GCC_NO_COMMON_BLOCKS = YES;
				GCC_WARN_64_TO_32_BIT_CONVERSION = YES;
				GCC_WARN_ABOUT_RETURN_TYPE = YES_ERROR;
				GCC_WARN_UNDECLARED_SELECTOR = YES;
				GCC_WARN_UNINITIALIZED_AUTOS = YES_AGGRESSIVE;
				GCC_WARN_UNUSED_FUNCTION = YES;
				GCC_WARN_UNUSED_VARIABLE = YES;
				IPHONEOS_DEPLOYMENT_TARGET = 10.3;
				MTL_ENABLE_DEBUG_INFO = NO;
				SDKROOT = iphoneos;
				SWIFT_OPTIMIZATION_LEVEL = "-Owholemodule";
				TARGETED_DEVICE_FAMILY = "1,2";
				VALIDATE_PRODUCT = YES;
			};
			name = Release;
		};
		B2AAB26C1F06F908008D061B /* Debug */ = {
			isa = XCBuildConfiguration;
			buildSettings = {
				ASSETCATALOG_COMPILER_APPICON_NAME = AppIcon;
				DEVELOPMENT_TEAM = E97A27U9FU;
				INFOPLIST_FILE = GainBoy/Info.plist;
				LD_RUNPATH_SEARCH_PATHS = "$(inherited) @executable_path/Frameworks";
				PRODUCT_BUNDLE_IDENTIFIER = com.SalinStudios.GainBoy;
				PRODUCT_NAME = "$(TARGET_NAME)";
				SWIFT_SWIFT3_OBJC_INFERENCE = Default;
				SWIFT_VERSION = 4.0;
			};
			name = Debug;
		};
		B2AAB26D1F06F908008D061B /* Release */ = {
			isa = XCBuildConfiguration;
			buildSettings = {
				ASSETCATALOG_COMPILER_APPICON_NAME = AppIcon;
				DEVELOPMENT_TEAM = E97A27U9FU;
				INFOPLIST_FILE = GainBoy/Info.plist;
				LD_RUNPATH_SEARCH_PATHS = "$(inherited) @executable_path/Frameworks";
				PRODUCT_BUNDLE_IDENTIFIER = com.SalinStudios.GainBoy;
				PRODUCT_NAME = "$(TARGET_NAME)";
				SWIFT_SWIFT3_OBJC_INFERENCE = Default;
				SWIFT_VERSION = 4.0;
			};
			name = Release;
		};
		B2AAB26F1F06F908008D061B /* Debug */ = {
			isa = XCBuildConfiguration;
			buildSettings = {
				ALWAYS_EMBED_SWIFT_STANDARD_LIBRARIES = YES;
				BUNDLE_LOADER = "$(TEST_HOST)";
				DEVELOPMENT_TEAM = E97A27U9FU;
				INFOPLIST_FILE = GainBoyTests/Info.plist;
				LD_RUNPATH_SEARCH_PATHS = "$(inherited) @executable_path/Frameworks @loader_path/Frameworks";
				PRODUCT_BUNDLE_IDENTIFIER = com.SalinStudios.GainBoyTests;
				PRODUCT_NAME = "$(TARGET_NAME)";
				SWIFT_SWIFT3_OBJC_INFERENCE = Default;
				SWIFT_VERSION = 4.0;
				TEST_HOST = "$(BUILT_PRODUCTS_DIR)/GainBoy.app/GainBoy";
			};
			name = Debug;
		};
		B2AAB2701F06F908008D061B /* Release */ = {
			isa = XCBuildConfiguration;
			buildSettings = {
				ALWAYS_EMBED_SWIFT_STANDARD_LIBRARIES = YES;
				BUNDLE_LOADER = "$(TEST_HOST)";
				DEVELOPMENT_TEAM = E97A27U9FU;
				INFOPLIST_FILE = GainBoyTests/Info.plist;
				LD_RUNPATH_SEARCH_PATHS = "$(inherited) @executable_path/Frameworks @loader_path/Frameworks";
				PRODUCT_BUNDLE_IDENTIFIER = com.SalinStudios.GainBoyTests;
				PRODUCT_NAME = "$(TARGET_NAME)";
				SWIFT_SWIFT3_OBJC_INFERENCE = Default;
				SWIFT_VERSION = 4.0;
				TEST_HOST = "$(BUILT_PRODUCTS_DIR)/GainBoy.app/GainBoy";
			};
			name = Release;
		};
		B2AAB2721F06F908008D061B /* Debug */ = {
			isa = XCBuildConfiguration;
			buildSettings = {
				ALWAYS_EMBED_SWIFT_STANDARD_LIBRARIES = YES;
				DEVELOPMENT_TEAM = E97A27U9FU;
				INFOPLIST_FILE = GainBoyUITests/Info.plist;
				LD_RUNPATH_SEARCH_PATHS = "$(inherited) @executable_path/Frameworks @loader_path/Frameworks";
				PRODUCT_BUNDLE_IDENTIFIER = com.SalinStudios.GainBoyUITests;
				PRODUCT_NAME = "$(TARGET_NAME)";
				SWIFT_SWIFT3_OBJC_INFERENCE = Default;
				SWIFT_VERSION = 4.0;
				TEST_TARGET_NAME = GainBoy;
			};
			name = Debug;
		};
		B2AAB2731F06F908008D061B /* Release */ = {
			isa = XCBuildConfiguration;
			buildSettings = {
				ALWAYS_EMBED_SWIFT_STANDARD_LIBRARIES = YES;
				DEVELOPMENT_TEAM = E97A27U9FU;
				INFOPLIST_FILE = GainBoyUITests/Info.plist;
				LD_RUNPATH_SEARCH_PATHS = "$(inherited) @executable_path/Frameworks @loader_path/Frameworks";
				PRODUCT_BUNDLE_IDENTIFIER = com.SalinStudios.GainBoyUITests;
				PRODUCT_NAME = "$(TARGET_NAME)";
				SWIFT_SWIFT3_OBJC_INFERENCE = Default;
				SWIFT_VERSION = 4.0;
				TEST_TARGET_NAME = GainBoy;
			};
			name = Release;
		};
/* End XCBuildConfiguration section */

/* Begin XCConfigurationList section */
		B2AAB23E1F06F907008D061B /* Build configuration list for PBXProject "GainBoy" */ = {
			isa = XCConfigurationList;
			buildConfigurations = (
				B2AAB2691F06F908008D061B /* Debug */,
				B2AAB26A1F06F908008D061B /* Release */,
			);
			defaultConfigurationIsVisible = 0;
			defaultConfigurationName = Release;
		};
		B2AAB26B1F06F908008D061B /* Build configuration list for PBXNativeTarget "GainBoy" */ = {
			isa = XCConfigurationList;
			buildConfigurations = (
				B2AAB26C1F06F908008D061B /* Debug */,
				B2AAB26D1F06F908008D061B /* Release */,
			);
			defaultConfigurationIsVisible = 0;
			defaultConfigurationName = Release;
		};
		B2AAB26E1F06F908008D061B /* Build configuration list for PBXNativeTarget "GainBoyTests" */ = {
			isa = XCConfigurationList;
			buildConfigurations = (
				B2AAB26F1F06F908008D061B /* Debug */,
				B2AAB2701F06F908008D061B /* Release */,
			);
			defaultConfigurationIsVisible = 0;
			defaultConfigurationName = Release;
		};
		B2AAB2711F06F908008D061B /* Build configuration list for PBXNativeTarget "GainBoyUITests" */ = {
			isa = XCConfigurationList;
			buildConfigurations = (
				B2AAB2721F06F908008D061B /* Debug */,
				B2AAB2731F06F908008D061B /* Release */,
			);
			defaultConfigurationIsVisible = 0;
			defaultConfigurationName = Release;
		};
/* End XCConfigurationList section */
	};
	rootObject = B2AAB23B1F06F907008D061B /* Project object */;
}
